
Microsoft Visual Studio Solution File, Format Version 12.00
# Visual Studio Version 17
VisualStudioVersion = 17.5.33516.290
MinimumVisualStudioVersion = 10.0.40219.1
Project("{FAE04EC0-301F-11D3-BF4B-00C04F79EFBC}") = "cs29_filehandling", "cs29_filehandling\cs29_filehandling.csproj", "{34C905DF-3FF3-4F54-819D-D7F91A1040E0}"
EndProject
Project("{FAE04EC0-301F-11D3-BF4B-00C04F79EFBC}") = "cs30_filereadwrite", "cs30_filereadwrite\cs30_filereadwrite.csproj", "{BF0D79DC-87E2-4B0C-827E-A9633F94D6C8}"
EndProject
Project("{FAE04EC0-301F-11D3-BF4B-00C04F79EFBC}") = "wf12_notepadApp", "wf12_notepadApp\wf12_notepadApp.csproj", "{4E1D8E9D-CEB4-4C36-8540-71005E8D4912}"
EndProject
Global
	GlobalSection(SolutionConfigurationPlatforms) = preSolution
		Debug|Any CPU = Debug|Any CPU
		Release|Any CPU = Release|Any CPU
	EndGlobalSection
	GlobalSection(ProjectConfigurationPlatforms) = postSolution
		{34C905DF-3FF3-4F54-819D-D7F91A1040E0}.Debug|Any CPU.ActiveCfg = Debug|Any CPU
		{34C905DF-3FF3-4F54-819D-D7F91A1040E0}.Debug|Any CPU.Build.0 = Debug|Any CPU
		{34C905DF-3FF3-4F54-819D-D7F91A1040E0}.Release|Any CPU.ActiveCfg = Release|Any CPU
		{34C905DF-3FF3-4F54-819D-D7F91A1040E0}.Release|Any CPU.Build.0 = Release|Any CPU
		{BF0D79DC-87E2-4B0C-827E-A9633F94D6C8}.Debug|Any CPU.ActiveCfg = Debug|Any CPU
		{BF0D79DC-87E2-4B0C-827E-A9633F94D6C8}.Debug|Any CPU.Build.0 = Debug|Any CPU
		{BF0D79DC-87E2-4B0C-827E-A9633F94D6C8}.Release|Any CPU.ActiveCfg = Release|Any CPU
		{BF0D79DC-87E2-4B0C-827E-A9633F94D6C8}.Release|Any CPU.Build.0 = Release|Any CPU
		{4E1D8E9D-CEB4-4C36-8540-71005E8D4912}.Debug|Any CPU.ActiveCfg = Debug|Any CPU
		{4E1D8E9D-CEB4-4C36-8540-71005E8D4912}.Debug|Any CPU.Build.0 = Debug|Any CPU
		{4E1D8E9D-CEB4-4C36-8540-71005E8D4912}.Release|Any CPU.ActiveCfg = Release|Any CPU
		{4E1D8E9D-CEB4-4C36-8540-71005E8D4912}.Release|Any CPU.Build.0 = Release|Any CPU
	EndGlobalSection
	GlobalSection(SolutionProperties) = preSolution
		HideSolutionNode = FALSE
	EndGlobalSection
	GlobalSection(ExtensibilityGlobals) = postSolution
		SolutionGuid = {2F7F46C7-F098-4921-8F47-8A44C636AF23}
	EndGlobalSection
EndGlobal
