
Microsoft Visual Studio Solution File, Format Version 12.00
# Visual Studio Version 17
VisualStudioVersion = 17.5.33516.290
MinimumVisualStudioVersion = 10.0.40219.1
Project("{FAE04EC0-301F-11D3-BF4B-00C04F79EFBC}") = "cs26_delegate", "cs26_delegate\cs26_delegate.csproj", "{87D8B842-D074-45D6-8C1A-FC3F4057B2F7}"
EndProject
Project("{FAE04EC0-301F-11D3-BF4B-00C04F79EFBC}") = "cs27_delgatechain", "cs27_delgatechain\cs27_delgatechain.csproj", "{73C59ABB-BA37-46F4-82E3-D875F8E12AF3}"
EndProject
Project("{FAE04EC0-301F-11D3-BF4B-00C04F79EFBC}") = "cs28_event", "cs28_event\cs28_event.csproj", "{F038859E-7271-40F0-BDC3-C237F8907F48}"
EndProject
Global
	GlobalSection(SolutionConfigurationPlatforms) = preSolution
		Debug|Any CPU = Debug|Any CPU
		Release|Any CPU = Release|Any CPU
	EndGlobalSection
	GlobalSection(ProjectConfigurationPlatforms) = postSolution
		{87D8B842-D074-45D6-8C1A-FC3F4057B2F7}.Debug|Any CPU.ActiveCfg = Debug|Any CPU
		{87D8B842-D074-45D6-8C1A-FC3F4057B2F7}.Debug|Any CPU.Build.0 = Debug|Any CPU
		{87D8B842-D074-45D6-8C1A-FC3F4057B2F7}.Release|Any CPU.ActiveCfg = Release|Any CPU
		{87D8B842-D074-45D6-8C1A-FC3F4057B2F7}.Release|Any CPU.Build.0 = Release|Any CPU
		{73C59ABB-BA37-46F4-82E3-D875F8E12AF3}.Debug|Any CPU.ActiveCfg = Debug|Any CPU
		{73C59ABB-BA37-46F4-82E3-D875F8E12AF3}.Debug|Any CPU.Build.0 = Debug|Any CPU
		{73C59ABB-BA37-46F4-82E3-D875F8E12AF3}.Release|Any CPU.ActiveCfg = Release|Any CPU
		{73C59ABB-BA37-46F4-82E3-D875F8E12AF3}.Release|Any CPU.Build.0 = Release|Any CPU
		{F038859E-7271-40F0-BDC3-C237F8907F48}.Debug|Any CPU.ActiveCfg = Debug|Any CPU
		{F038859E-7271-40F0-BDC3-C237F8907F48}.Debug|Any CPU.Build.0 = Debug|Any CPU
		{F038859E-7271-40F0-BDC3-C237F8907F48}.Release|Any CPU.ActiveCfg = Release|Any CPU
		{F038859E-7271-40F0-BDC3-C237F8907F48}.Release|Any CPU.Build.0 = Release|Any CPU
	EndGlobalSection
	GlobalSection(SolutionProperties) = preSolution
		HideSolutionNode = FALSE
	EndGlobalSection
	GlobalSection(ExtensibilityGlobals) = postSolution
		SolutionGuid = {0D7C931A-8619-464A-BB1E-B22CE129C5E8}
	EndGlobalSection
EndGlobal
