
Microsoft Visual Studio Solution File, Format Version 12.00
# Visual Studio Version 17
VisualStudioVersion = 17.5.33516.290
MinimumVisualStudioVersion = 10.0.40219.1
Project("{FAE04EC0-301F-11D3-BF4B-00C04F79EFBC}") = "wf06_listview", "wf06_listview\wf06_listview.csproj", "{3D5565C8-6961-4D51-86DA-6CD78F1DC3ED}"
EndProject
Project("{FAE04EC0-301F-11D3-BF4B-00C04F79EFBC}") = "wf07_myexplorer", "wf07_myexplorer\wf07_myexplorer.csproj", "{DAA322F0-0A00-4D1B-9DCC-A0F29E97BA05}"
EndProject
Global
	GlobalSection(SolutionConfigurationPlatforms) = preSolution
		Debug|Any CPU = Debug|Any CPU
		Release|Any CPU = Release|Any CPU
	EndGlobalSection
	GlobalSection(ProjectConfigurationPlatforms) = postSolution
		{3D5565C8-6961-4D51-86DA-6CD78F1DC3ED}.Debug|Any CPU.ActiveCfg = Debug|Any CPU
		{3D5565C8-6961-4D51-86DA-6CD78F1DC3ED}.Debug|Any CPU.Build.0 = Debug|Any CPU
		{3D5565C8-6961-4D51-86DA-6CD78F1DC3ED}.Release|Any CPU.ActiveCfg = Release|Any CPU
		{3D5565C8-6961-4D51-86DA-6CD78F1DC3ED}.Release|Any CPU.Build.0 = Release|Any CPU
		{DAA322F0-0A00-4D1B-9DCC-A0F29E97BA05}.Debug|Any CPU.ActiveCfg = Debug|Any CPU
		{DAA322F0-0A00-4D1B-9DCC-A0F29E97BA05}.Debug|Any CPU.Build.0 = Debug|Any CPU
		{DAA322F0-0A00-4D1B-9DCC-A0F29E97BA05}.Release|Any CPU.ActiveCfg = Release|Any CPU
		{DAA322F0-0A00-4D1B-9DCC-A0F29E97BA05}.Release|Any CPU.Build.0 = Release|Any CPU
	EndGlobalSection
	GlobalSection(SolutionProperties) = preSolution
		HideSolutionNode = FALSE
	EndGlobalSection
	GlobalSection(ExtensibilityGlobals) = postSolution
		SolutionGuid = {C1B65349-D3CA-4DB3-81C3-80F01A5C574C}
	EndGlobalSection
EndGlobal
