
Microsoft Visual Studio Solution File, Format Version 12.00
# Visual Studio Version 17
VisualStudioVersion = 17.5.33516.290
MinimumVisualStudioVersion = 10.0.40219.1
Project("{FAE04EC0-301F-11D3-BF4B-00C04F79EFBC}") = "cs01_variable", "Day01_variable\cs01_variable.csproj", "{F1955DF7-8B6A-417F-99FB-9DD48AA23D38}"
EndProject
Project("{FAE04EC0-301F-11D3-BF4B-00C04F79EFBC}") = "cs02_characters", "cs02_characters\cs02_characters.csproj", "{95CD3427-2DFF-48E0-8FF5-ADA09A5E4409}"
EndProject
Project("{FAE04EC0-301F-11D3-BF4B-00C04F79EFBC}") = "cs03_object", "cs03_object\cs03_object.csproj", "{3A2956F1-402D-46B9-BCCD-5002E65E34E3}"
EndProject
Project("{FAE04EC0-301F-11D3-BF4B-00C04F79EFBC}") = "cs04_enums", "cs04_enums\cs04_enums.csproj", "{D8E4628F-7955-4463-804E-C2F8B2038401}"
EndProject
Project("{FAE04EC0-301F-11D3-BF4B-00C04F79EFBC}") = "cs05_nullable", "cs05_nullable\cs05_nullable.csproj", "{4F7D686B-0902-4922-892B-5B6254E01DF7}"
EndProject
Project("{FAE04EC0-301F-11D3-BF4B-00C04F79EFBC}") = "cs06_var", "cs06_var\cs06_var.csproj", "{B619CEB3-29EA-424F-A83C-8CB86D261CF4}"
EndProject
Project("{FAE04EC0-301F-11D3-BF4B-00C04F79EFBC}") = "cs07_cts", "cs07_cts\cs07_cts.csproj", "{E7F5521B-DE76-4A59-844A-4B8C9D8DB1EF}"
EndProject
Global
	GlobalSection(SolutionConfigurationPlatforms) = preSolution
		Debug|Any CPU = Debug|Any CPU
		Release|Any CPU = Release|Any CPU
	EndGlobalSection
	GlobalSection(ProjectConfigurationPlatforms) = postSolution
		{F1955DF7-8B6A-417F-99FB-9DD48AA23D38}.Debug|Any CPU.ActiveCfg = Debug|Any CPU
		{F1955DF7-8B6A-417F-99FB-9DD48AA23D38}.Debug|Any CPU.Build.0 = Debug|Any CPU
		{F1955DF7-8B6A-417F-99FB-9DD48AA23D38}.Release|Any CPU.ActiveCfg = Release|Any CPU
		{F1955DF7-8B6A-417F-99FB-9DD48AA23D38}.Release|Any CPU.Build.0 = Release|Any CPU
		{95CD3427-2DFF-48E0-8FF5-ADA09A5E4409}.Debug|Any CPU.ActiveCfg = Debug|Any CPU
		{95CD3427-2DFF-48E0-8FF5-ADA09A5E4409}.Debug|Any CPU.Build.0 = Debug|Any CPU
		{95CD3427-2DFF-48E0-8FF5-ADA09A5E4409}.Release|Any CPU.ActiveCfg = Release|Any CPU
		{95CD3427-2DFF-48E0-8FF5-ADA09A5E4409}.Release|Any CPU.Build.0 = Release|Any CPU
		{3A2956F1-402D-46B9-BCCD-5002E65E34E3}.Debug|Any CPU.ActiveCfg = Debug|Any CPU
		{3A2956F1-402D-46B9-BCCD-5002E65E34E3}.Debug|Any CPU.Build.0 = Debug|Any CPU
		{3A2956F1-402D-46B9-BCCD-5002E65E34E3}.Release|Any CPU.ActiveCfg = Release|Any CPU
		{3A2956F1-402D-46B9-BCCD-5002E65E34E3}.Release|Any CPU.Build.0 = Release|Any CPU
		{D8E4628F-7955-4463-804E-C2F8B2038401}.Debug|Any CPU.ActiveCfg = Debug|Any CPU
		{D8E4628F-7955-4463-804E-C2F8B2038401}.Debug|Any CPU.Build.0 = Debug|Any CPU
		{D8E4628F-7955-4463-804E-C2F8B2038401}.Release|Any CPU.ActiveCfg = Release|Any CPU
		{D8E4628F-7955-4463-804E-C2F8B2038401}.Release|Any CPU.Build.0 = Release|Any CPU
		{4F7D686B-0902-4922-892B-5B6254E01DF7}.Debug|Any CPU.ActiveCfg = Debug|Any CPU
		{4F7D686B-0902-4922-892B-5B6254E01DF7}.Debug|Any CPU.Build.0 = Debug|Any CPU
		{4F7D686B-0902-4922-892B-5B6254E01DF7}.Release|Any CPU.ActiveCfg = Release|Any CPU
		{4F7D686B-0902-4922-892B-5B6254E01DF7}.Release|Any CPU.Build.0 = Release|Any CPU
		{B619CEB3-29EA-424F-A83C-8CB86D261CF4}.Debug|Any CPU.ActiveCfg = Debug|Any CPU
		{B619CEB3-29EA-424F-A83C-8CB86D261CF4}.Debug|Any CPU.Build.0 = Debug|Any CPU
		{B619CEB3-29EA-424F-A83C-8CB86D261CF4}.Release|Any CPU.ActiveCfg = Release|Any CPU
		{B619CEB3-29EA-424F-A83C-8CB86D261CF4}.Release|Any CPU.Build.0 = Release|Any CPU
		{E7F5521B-DE76-4A59-844A-4B8C9D8DB1EF}.Debug|Any CPU.ActiveCfg = Debug|Any CPU
		{E7F5521B-DE76-4A59-844A-4B8C9D8DB1EF}.Debug|Any CPU.Build.0 = Debug|Any CPU
		{E7F5521B-DE76-4A59-844A-4B8C9D8DB1EF}.Release|Any CPU.ActiveCfg = Release|Any CPU
		{E7F5521B-DE76-4A59-844A-4B8C9D8DB1EF}.Release|Any CPU.Build.0 = Release|Any CPU
	EndGlobalSection
	GlobalSection(SolutionProperties) = preSolution
		HideSolutionNode = FALSE
	EndGlobalSection
	GlobalSection(ExtensibilityGlobals) = postSolution
		SolutionGuid = {09E063A0-C970-4F00-B16F-C3627633F897}
	EndGlobalSection
EndGlobal
