
Microsoft Visual Studio Solution File, Format Version 12.00
# Visual Studio Version 17
VisualStudioVersion = 17.5.33516.290
MinimumVisualStudioVersion = 10.0.40219.1
Project("{FAE04EC0-301F-11D3-BF4B-00C04F79EFBC}") = "wf01_simplewinapp", "wf01_simplewinapp\wf01_simplewinapp.csproj", "{0E60A613-E910-4141-919B-00CF5C0BA215}"
EndProject
Project("{FAE04EC0-301F-11D3-BF4B-00C04F79EFBC}") = "wf02_realwinapp", "wf02_realwinapp\wf02_realwinapp.csproj", "{90E1D6AB-6C57-41B9-BDC6-4EA261C0CA9C}"
EndProject
Project("{FAE04EC0-301F-11D3-BF4B-00C04F79EFBC}") = "wf03_property", "wf03_property\wf03_property.csproj", "{077B915E-F11A-461B-88E9-CF3564649715}"
EndProject
Global
	GlobalSection(SolutionConfigurationPlatforms) = preSolution
		Debug|Any CPU = Debug|Any CPU
		Release|Any CPU = Release|Any CPU
	EndGlobalSection
	GlobalSection(ProjectConfigurationPlatforms) = postSolution
		{0E60A613-E910-4141-919B-00CF5C0BA215}.Debug|Any CPU.ActiveCfg = Debug|Any CPU
		{0E60A613-E910-4141-919B-00CF5C0BA215}.Debug|Any CPU.Build.0 = Debug|Any CPU
		{0E60A613-E910-4141-919B-00CF5C0BA215}.Release|Any CPU.ActiveCfg = Release|Any CPU
		{0E60A613-E910-4141-919B-00CF5C0BA215}.Release|Any CPU.Build.0 = Release|Any CPU
		{90E1D6AB-6C57-41B9-BDC6-4EA261C0CA9C}.Debug|Any CPU.ActiveCfg = Debug|Any CPU
		{90E1D6AB-6C57-41B9-BDC6-4EA261C0CA9C}.Debug|Any CPU.Build.0 = Debug|Any CPU
		{90E1D6AB-6C57-41B9-BDC6-4EA261C0CA9C}.Release|Any CPU.ActiveCfg = Release|Any CPU
		{90E1D6AB-6C57-41B9-BDC6-4EA261C0CA9C}.Release|Any CPU.Build.0 = Release|Any CPU
		{077B915E-F11A-461B-88E9-CF3564649715}.Debug|Any CPU.ActiveCfg = Debug|Any CPU
		{077B915E-F11A-461B-88E9-CF3564649715}.Debug|Any CPU.Build.0 = Debug|Any CPU
		{077B915E-F11A-461B-88E9-CF3564649715}.Release|Any CPU.ActiveCfg = Release|Any CPU
		{077B915E-F11A-461B-88E9-CF3564649715}.Release|Any CPU.Build.0 = Release|Any CPU
	EndGlobalSection
	GlobalSection(SolutionProperties) = preSolution
		HideSolutionNode = FALSE
	EndGlobalSection
	GlobalSection(ExtensibilityGlobals) = postSolution
		SolutionGuid = {E74C3A4E-B080-4622-9D23-1E7C9DF6307F}
	EndGlobalSection
EndGlobal
