
Microsoft Visual Studio Solution File, Format Version 12.00
# Visual Studio Version 17
VisualStudioVersion = 17.5.33516.290
MinimumVisualStudioVersion = 10.0.40219.1
Project("{FAE04EC0-301F-11D3-BF4B-00C04F79EFBC}") = "cs20_abstractClass", "cs20_abstractClass\cs20_abstractClass.csproj", "{BEBA46DB-C793-4853-BEC1-A7215C8B3020}"
EndProject
Project("{FAE04EC0-301F-11D3-BF4B-00C04F79EFBC}") = "cs21_property", "cs21_property\cs21_property.csproj", "{03DB0606-6F76-4EEC-B142-A2D9CEE789C7}"
EndProject
Project("{FAE04EC0-301F-11D3-BF4B-00C04F79EFBC}") = "cs22_collection", "cs22_collection\cs22_collection.csproj", "{30B6DCE7-9F15-4FFB-9A48-B4863D851163}"
EndProject
Global
	GlobalSection(SolutionConfigurationPlatforms) = preSolution
		Debug|Any CPU = Debug|Any CPU
		Release|Any CPU = Release|Any CPU
	EndGlobalSection
	GlobalSection(ProjectConfigurationPlatforms) = postSolution
		{BEBA46DB-C793-4853-BEC1-A7215C8B3020}.Debug|Any CPU.ActiveCfg = Debug|Any CPU
		{BEBA46DB-C793-4853-BEC1-A7215C8B3020}.Debug|Any CPU.Build.0 = Debug|Any CPU
		{BEBA46DB-C793-4853-BEC1-A7215C8B3020}.Release|Any CPU.ActiveCfg = Release|Any CPU
		{BEBA46DB-C793-4853-BEC1-A7215C8B3020}.Release|Any CPU.Build.0 = Release|Any CPU
		{03DB0606-6F76-4EEC-B142-A2D9CEE789C7}.Debug|Any CPU.ActiveCfg = Debug|Any CPU
		{03DB0606-6F76-4EEC-B142-A2D9CEE789C7}.Debug|Any CPU.Build.0 = Debug|Any CPU
		{03DB0606-6F76-4EEC-B142-A2D9CEE789C7}.Release|Any CPU.ActiveCfg = Release|Any CPU
		{03DB0606-6F76-4EEC-B142-A2D9CEE789C7}.Release|Any CPU.Build.0 = Release|Any CPU
		{30B6DCE7-9F15-4FFB-9A48-B4863D851163}.Debug|Any CPU.ActiveCfg = Debug|Any CPU
		{30B6DCE7-9F15-4FFB-9A48-B4863D851163}.Debug|Any CPU.Build.0 = Debug|Any CPU
		{30B6DCE7-9F15-4FFB-9A48-B4863D851163}.Release|Any CPU.ActiveCfg = Release|Any CPU
		{30B6DCE7-9F15-4FFB-9A48-B4863D851163}.Release|Any CPU.Build.0 = Release|Any CPU
	EndGlobalSection
	GlobalSection(SolutionProperties) = preSolution
		HideSolutionNode = FALSE
	EndGlobalSection
	GlobalSection(ExtensibilityGlobals) = postSolution
		SolutionGuid = {B50AD36B-C735-41D3-9DFE-F360C2FB331C}
	EndGlobalSection
EndGlobal
