
Microsoft Visual Studio Solution File, Format Version 12.00
# Visual Studio Version 17
VisualStudioVersion = 17.5.33516.290
MinimumVisualStudioVersion = 10.0.40219.1
Project("{FAE04EC0-301F-11D3-BF4B-00C04F79EFBC}") = "cs13_class", "cs13_class\cs13_class.csproj", "{9E0FD07B-7CE1-4B16-9210-29FE56FC586D}"
EndProject
Project("{FAE04EC0-301F-11D3-BF4B-00C04F79EFBC}") = "cs14_deepcopy", "cs14_deepcopy\cs14_deepcopy.csproj", "{1D867BA9-C88A-41EF-8501-752D98607F49}"
EndProject
Project("{FAE04EC0-301F-11D3-BF4B-00C04F79EFBC}") = "cs15_accessmodifier", "cs15_accessmodifier\cs15_accessmodifier.csproj", "{75D3071D-E9DD-4907-B331-C1A5925C8E10}"
EndProject
Project("{FAE04EC0-301F-11D3-BF4B-00C04F79EFBC}") = "cs16_inheritancce", "cs16_inheritancce\cs16_inheritancce.csproj", "{CE783E28-B5B9-4348-8DDA-9B53E0042FDB}"
EndProject
Global
	GlobalSection(SolutionConfigurationPlatforms) = preSolution
		Debug|Any CPU = Debug|Any CPU
		Release|Any CPU = Release|Any CPU
	EndGlobalSection
	GlobalSection(ProjectConfigurationPlatforms) = postSolution
		{9E0FD07B-7CE1-4B16-9210-29FE56FC586D}.Debug|Any CPU.ActiveCfg = Debug|Any CPU
		{9E0FD07B-7CE1-4B16-9210-29FE56FC586D}.Debug|Any CPU.Build.0 = Debug|Any CPU
		{9E0FD07B-7CE1-4B16-9210-29FE56FC586D}.Release|Any CPU.ActiveCfg = Release|Any CPU
		{9E0FD07B-7CE1-4B16-9210-29FE56FC586D}.Release|Any CPU.Build.0 = Release|Any CPU
		{1D867BA9-C88A-41EF-8501-752D98607F49}.Debug|Any CPU.ActiveCfg = Debug|Any CPU
		{1D867BA9-C88A-41EF-8501-752D98607F49}.Debug|Any CPU.Build.0 = Debug|Any CPU
		{1D867BA9-C88A-41EF-8501-752D98607F49}.Release|Any CPU.ActiveCfg = Release|Any CPU
		{1D867BA9-C88A-41EF-8501-752D98607F49}.Release|Any CPU.Build.0 = Release|Any CPU
		{75D3071D-E9DD-4907-B331-C1A5925C8E10}.Debug|Any CPU.ActiveCfg = Debug|Any CPU
		{75D3071D-E9DD-4907-B331-C1A5925C8E10}.Debug|Any CPU.Build.0 = Debug|Any CPU
		{75D3071D-E9DD-4907-B331-C1A5925C8E10}.Release|Any CPU.ActiveCfg = Release|Any CPU
		{75D3071D-E9DD-4907-B331-C1A5925C8E10}.Release|Any CPU.Build.0 = Release|Any CPU
		{CE783E28-B5B9-4348-8DDA-9B53E0042FDB}.Debug|Any CPU.ActiveCfg = Debug|Any CPU
		{CE783E28-B5B9-4348-8DDA-9B53E0042FDB}.Debug|Any CPU.Build.0 = Debug|Any CPU
		{CE783E28-B5B9-4348-8DDA-9B53E0042FDB}.Release|Any CPU.ActiveCfg = Release|Any CPU
		{CE783E28-B5B9-4348-8DDA-9B53E0042FDB}.Release|Any CPU.Build.0 = Release|Any CPU
	EndGlobalSection
	GlobalSection(SolutionProperties) = preSolution
		HideSolutionNode = FALSE
	EndGlobalSection
	GlobalSection(ExtensibilityGlobals) = postSolution
		SolutionGuid = {348B0929-D04C-40F7-97D2-25DB0A9D63D0}
	EndGlobalSection
EndGlobal
