
Microsoft Visual Studio Solution File, Format Version 12.00
# Visual Studio Version 17
VisualStudioVersion = 17.5.33516.290
MinimumVisualStudioVersion = 10.0.40219.1
Project("{FAE04EC0-301F-11D3-BF4B-00C04F79EFBC}") = "wf08_dbhandling", "wf08_dbhandling\wf08_dbhandling.csproj", "{738B8F0A-DAF2-4BBE-9661-2720A56495AA}"
EndProject
Project("{FAE04EC0-301F-11D3-BF4B-00C04F79EFBC}") = "wf07_myexplorer", "wf07_myexplorer\wf07_myexplorer.csproj", "{DAA322F0-0A00-4D1B-9DCC-A0F29E97BA05}"
EndProject
Global
	GlobalSection(SolutionConfigurationPlatforms) = preSolution
		Debug|Any CPU = Debug|Any CPU
		Release|Any CPU = Release|Any CPU
	EndGlobalSection
	GlobalSection(ProjectConfigurationPlatforms) = postSolution
		{738B8F0A-DAF2-4BBE-9661-2720A56495AA}.Debug|Any CPU.ActiveCfg = Debug|Any CPU
		{738B8F0A-DAF2-4BBE-9661-2720A56495AA}.Debug|Any CPU.Build.0 = Debug|Any CPU
		{738B8F0A-DAF2-4BBE-9661-2720A56495AA}.Release|Any CPU.ActiveCfg = Release|Any CPU
		{738B8F0A-DAF2-4BBE-9661-2720A56495AA}.Release|Any CPU.Build.0 = Release|Any CPU
		{DAA322F0-0A00-4D1B-9DCC-A0F29E97BA05}.Debug|Any CPU.ActiveCfg = Debug|Any CPU
		{DAA322F0-0A00-4D1B-9DCC-A0F29E97BA05}.Debug|Any CPU.Build.0 = Debug|Any CPU
		{DAA322F0-0A00-4D1B-9DCC-A0F29E97BA05}.Release|Any CPU.ActiveCfg = Release|Any CPU
		{DAA322F0-0A00-4D1B-9DCC-A0F29E97BA05}.Release|Any CPU.Build.0 = Release|Any CPU
	EndGlobalSection
	GlobalSection(SolutionProperties) = preSolution
		HideSolutionNode = FALSE
	EndGlobalSection
	GlobalSection(ExtensibilityGlobals) = postSolution
		SolutionGuid = {FFDD866C-0096-4998-93B9-76AD78FAFAE6}
	EndGlobalSection
EndGlobal
